
Microsoft Visual Studio Solution File, Format Version 12.00
# Visual Studio Version 16
VisualStudioVersion = 16.0.30523.141
MinimumVisualStudioVersion = 10.0.40219.1
Project("{9A19103F-16F7-4668-BE54-9A1E7A4F7556}") = "Store.Common", "Store.Common\Store.Common.csproj", "{06FE9860-5350-4CAC-856A-F0CEF25668F6}"
EndProject
Project("{FAE04EC0-301F-11D3-BF4B-00C04F79EFBC}") = "Store.Web", "Store.Web\Store.Web.csproj", "{9153F5B6-3049-4FDB-B8F1-974CCCCD896E}"
EndProject
Global
	GlobalSection(SolutionConfigurationPlatforms) = preSolution
		Debug|Any CPU = Debug|Any CPU
		Release|Any CPU = Release|Any CPU
	EndGlobalSection
	GlobalSection(ProjectConfigurationPlatforms) = postSolution
		{06FE9860-5350-4CAC-856A-F0CEF25668F6}.Debug|Any CPU.ActiveCfg = Debug|Any CPU
		{06FE9860-5350-4CAC-856A-F0CEF25668F6}.Debug|Any CPU.Build.0 = Debug|Any CPU
		{06FE9860-5350-4CAC-856A-F0CEF25668F6}.Release|Any CPU.ActiveCfg = Release|Any CPU
		{06FE9860-5350-4CAC-856A-F0CEF25668F6}.Release|Any CPU.Build.0 = Release|Any CPU
		{9153F5B6-3049-4FDB-B8F1-974CCCCD896E}.Debug|Any CPU.ActiveCfg = Debug|Any CPU
		{9153F5B6-3049-4FDB-B8F1-974CCCCD896E}.Debug|Any CPU.Build.0 = Debug|Any CPU
		{9153F5B6-3049-4FDB-B8F1-974CCCCD896E}.Release|Any CPU.ActiveCfg = Release|Any CPU
		{9153F5B6-3049-4FDB-B8F1-974CCCCD896E}.Release|Any CPU.Build.0 = Release|Any CPU
	EndGlobalSection
	GlobalSection(SolutionProperties) = preSolution
		HideSolutionNode = FALSE
	EndGlobalSection
	GlobalSection(ExtensibilityGlobals) = postSolution
		SolutionGuid = {818E1628-A5FC-46D1-8462-985624D78D3F}
	EndGlobalSection
EndGlobal
